// !$*UTF8*$!
{
	archiveVersion = 1;
	classes = {
	};
	objectVersion = 50;
	objects = {

/* Begin PBXBuildFile section */
		860934A623DA40CD00D38073 /* TestLinkedStackInt.mm in Sources */ = {isa = PBXBuildFile; fileRef = 860934A523DA40CD00D38073 /* TestLinkedStackInt.mm */; };
		860934AF23E2102D00D38073 /* natural_number.cpp in Sources */ = {isa = PBXBuildFile; fileRef = 860934AE23E2102D00D38073 /* natural_number.cpp */; };
		860A16BC2564687E000F5942 /* minimal.cpp in Sources */ = {isa = PBXBuildFile; fileRef = 860A16B32564662A000F5942 /* minimal.cpp */; };
		860A16C02564687E000F5942 /* libCleanpp.a in Frameworks */ = {isa = PBXBuildFile; fileRef = E760A2BB239203A200139E3D /* libCleanpp.a */; };
		863809A924ED801C00F30C8F /* TestFlexInteger.mm in Sources */ = {isa = PBXBuildFile; fileRef = 863809A824ED801C00F30C8F /* TestFlexInteger.mm */; };
		863809AD24EF2CAD00F30C8F /* TestFlexNN.mm in Sources */ = {isa = PBXBuildFile; fileRef = 863809AC24EF2CAD00F30C8F /* TestFlexNN.mm */; };
		8663DF8223E25D8500DCA186 /* TestLinkedQueueNaturalNumber.mm in Sources */ = {isa = PBXBuildFile; fileRef = 8663DF8123E25D8500DCA186 /* TestLinkedQueueNaturalNumber.mm */; };
		8663DF8423E3C01600DCA186 /* TestStackBasedListNaturalNumber.mm in Sources */ = {isa = PBXBuildFile; fileRef = 8663DF8323E3C01600DCA186 /* TestStackBasedListNaturalNumber.mm */; };
		8663DF8623EB076E00DCA186 /* TestArrayStackNaturalNumber.mm in Sources */ = {isa = PBXBuildFile; fileRef = 8663DF8523EB076D00DCA186 /* TestArrayStackNaturalNumber.mm */; };
		8682AD8923D6668E003F4238 /* natural_number_impl.hpp in Headers */ = {isa = PBXBuildFile; fileRef = 8682AD8823D6668E003F4238 /* natural_number_impl.hpp */; settings = {ATTRIBUTES = (Public, ); }; };
		8682AD8B23D6671A003F4238 /* bounded_nn.cpp in Sources */ = {isa = PBXBuildFile; fileRef = 8682AD8A23D6671A003F4238 /* bounded_nn.cpp */; };
		8682AD8E23D679CA003F4238 /* bounded_nn.hpp in Headers */ = {isa = PBXBuildFile; fileRef = 8682AD8D23D679CA003F4238 /* bounded_nn.hpp */; settings = {ATTRIBUTES = (Public, ); }; };
		8682AD9223D897C6003F4238 /* stack_nn.cpp in Sources */ = {isa = PBXBuildFile; fileRef = 8682AD9023D897C6003F4238 /* stack_nn.cpp */; };
		8682AD9423D897C6003F4238 /* stack_nn.hpp in Headers */ = {isa = PBXBuildFile; fileRef = 8682AD9123D897C6003F4238 /* stack_nn.hpp */; settings = {ATTRIBUTES = (Public, ); }; };
		8682AD9923D89837003F4238 /* linked_stack.hpp in Headers */ = {isa = PBXBuildFile; fileRef = 8682AD9623D89837003F4238 /* linked_stack.hpp */; settings = {ATTRIBUTES = (Public, ); }; };
		8682AD9E23D8D8F7003F4238 /* TestStackNN.mm in Sources */ = {isa = PBXBuildFile; fileRef = 8682AD9D23D8D8F7003F4238 /* TestStackNN.mm */; };
		86B9E6CB23EB873D00907698 /* TestArrayQueueNaturalNumber.mm in Sources */ = {isa = PBXBuildFile; fileRef = 86B9E6CA23EB873D00907698 /* TestArrayQueueNaturalNumber.mm */; };
		86EC1E9523F2338B00A7A779 /* nn_integer.cpp in Sources */ = {isa = PBXBuildFile; fileRef = 86EC1E9423F2338B00A7A779 /* nn_integer.cpp */; };
		86EC1E9823F669A900A7A779 /* TestVectorInteger.mm in Sources */ = {isa = PBXBuildFile; fileRef = 86EC1E9723F669A900A7A779 /* TestVectorInteger.mm */; };
		E717C03F24F9BFCC00F61B0F /* TestFlexibleStackInt.mm in Sources */ = {isa = PBXBuildFile; fileRef = E717C03E24F9BFCC00F61B0F /* TestFlexibleStackInt.mm */; };
		E71D16FE24F9ACBA00B3B6EE /* TestFlexListNaturalNumber.mm in Sources */ = {isa = PBXBuildFile; fileRef = E71D16FD24F9ACB900B3B6EE /* TestFlexListNaturalNumber.mm */; };
		E759151B2548B36F00E8D654 /* makefile in Sources */ = {isa = PBXBuildFile; fileRef = E759151A2548B36F00E8D654 /* makefile */; };
		E760A2F72392049D00139E3D /* queue_impl.hpp in Headers */ = {isa = PBXBuildFile; fileRef = E760A2EE2392049D00139E3D /* queue_impl.hpp */; };
		E760A2F82392049D00139E3D /* clean_base.hpp in Headers */ = {isa = PBXBuildFile; fileRef = E760A2EF2392049D00139E3D /* clean_base.hpp */; settings = {ATTRIBUTES = (Public, ); }; };
		E760A2F92392049D00139E3D /* linked_queue.hpp in Sources */ = {isa = PBXBuildFile; fileRef = E760A2F02392049D00139E3D /* linked_queue.hpp */; };
		E760A2FA2392049D00139E3D /* list_impl.hpp in Headers */ = {isa = PBXBuildFile; fileRef = E760A2F12392049D00139E3D /* list_impl.hpp */; };
		E760A2FB2392049D00139E3D /* stack_based_list.hpp in Sources */ = {isa = PBXBuildFile; fileRef = E760A2F22392049D00139E3D /* stack_based_list.hpp */; };
		E760A2FC2392049D00139E3D /* stack_impl.hpp in Headers */ = {isa = PBXBuildFile; fileRef = E760A2F32392049D00139E3D /* stack_impl.hpp */; settings = {ATTRIBUTES = (Public, ); }; };
		E760A2FE2392049D00139E3D /* array_stack.hpp in Sources */ = {isa = PBXBuildFile; fileRef = E760A2F52392049D00139E3D /* array_stack.hpp */; };
		E760A306239204DC00139E3D /* TestBoundedNN.mm in Sources */ = {isa = PBXBuildFile; fileRef = E760A305239204DC00139E3D /* TestBoundedNN.mm */; };
		E760A308239204DC00139E3D /* libCleanpp.a in Frameworks */ = {isa = PBXBuildFile; fileRef = E760A2BB239203A200139E3D /* libCleanpp.a */; };
		E760A3112392095700139E3D /* array_queue.hpp in Headers */ = {isa = PBXBuildFile; fileRef = E760A3102392095700139E3D /* array_queue.hpp */; };
		E7744EC025278F66000A5CC9 /* libCleanpp.a in Frameworks */ = {isa = PBXBuildFile; fileRef = E760A2BB239203A200139E3D /* libCleanpp.a */; };
		E775B52B23F20191007DB0C1 /* integer_impl.cpp in Sources */ = {isa = PBXBuildFile; fileRef = E775B52923F20191007DB0C1 /* integer_impl.cpp */; };
		E775B52C23F20191007DB0C1 /* integer_impl.hpp in Headers */ = {isa = PBXBuildFile; fileRef = E775B52A23F20191007DB0C1 /* integer_impl.hpp */; };
		E775B52F23F20F6F007DB0C1 /* TestLinkedStackNaturalNumber.mm in Sources */ = {isa = PBXBuildFile; fileRef = E775B52E23F20F6F007DB0C1 /* TestLinkedStackNaturalNumber.mm */; };
		E775B53223F213F7007DB0C1 /* vector_integer.cpp in Sources */ = {isa = PBXBuildFile; fileRef = E775B53023F213F7007DB0C1 /* vector_integer.cpp */; };
		E775B53323F213F7007DB0C1 /* vector_integer.hpp in Headers */ = {isa = PBXBuildFile; fileRef = E775B53123F213F7007DB0C1 /* vector_integer.hpp */; };
		E775B53523F218CE007DB0C1 /* TestNNInteger.mm in Sources */ = {isa = PBXBuildFile; fileRef = E775B53423F218CE007DB0C1 /* TestNNInteger.mm */; };
		E7A2514F260D0EDC00AC204C /* map_impl.hpp in Headers */ = {isa = PBXBuildFile; fileRef = E7A25146260D0EDC00AC204C /* map_impl.hpp */; };
		E7A25150260D0EDC00AC204C /* map_on_set.hpp in Headers */ = {isa = PBXBuildFile; fileRef = E7A25147260D0EDC00AC204C /* map_on_set.hpp */; };
		E7A25151260D0EDC00AC204C /* set.hpp in Headers */ = {isa = PBXBuildFile; fileRef = E7A25149260D0EDC00AC204C /* set.hpp */; };
		E7A25152260D0EDC00AC204C /* set_on_queue.hpp in Headers */ = {isa = PBXBuildFile; fileRef = E7A2514B260D0EDC00AC204C /* set_on_queue.hpp */; };
		E7A25153260D0EDC00AC204C /* set_impl.hpp in Headers */ = {isa = PBXBuildFile; fileRef = E7A2514C260D0EDC00AC204C /* set_impl.hpp */; };
		E7A25154260D0EDC00AC204C /* map.hpp in Headers */ = {isa = PBXBuildFile; fileRef = E7A2514E260D0EDC00AC204C /* map.hpp */; };
		E7A2515A260D103200AC204C /* TestFlexibleSetNaturalNumber.mm in Sources */ = {isa = PBXBuildFile; fileRef = E7A25159260D103200AC204C /* TestFlexibleSetNaturalNumber.mm */; };
		E7A251822613AD1900AC204C /* add_return_tuple.cpp in Sources */ = {isa = PBXBuildFile; fileRef = E7A251772613AD1800AC204C /* add_return_tuple.cpp */; };
		E7A251832613AD1900AC204C /* add_return_tuple.cpp in Sources */ = {isa = PBXBuildFile; fileRef = E7A251772613AD1800AC204C /* add_return_tuple.cpp */; };
		E7A251842613AD1900AC204C /* friend_functions_tuple.cpp in Sources */ = {isa = PBXBuildFile; fileRef = E7A251782613AD1900AC204C /* friend_functions_tuple.cpp */; };
		E7A251852613AD1900AC204C /* friend_functions_tuple.cpp in Sources */ = {isa = PBXBuildFile; fileRef = E7A251782613AD1900AC204C /* friend_functions_tuple.cpp */; };
		E7A251862613AD1900AC204C /* test.cpp in Sources */ = {isa = PBXBuildFile; fileRef = E7A251792613AD1900AC204C /* test.cpp */; };
		E7A251872613AD1900AC204C /* test.cpp in Sources */ = {isa = PBXBuildFile; fileRef = E7A251792613AD1900AC204C /* test.cpp */; };
		E7A251882613AD1900AC204C /* selection_sort_placeMinAtBack.cpp in Sources */ = {isa = PBXBuildFile; fileRef = E7A2517A2613AD1900AC204C /* selection_sort_placeMinAtBack.cpp */; };
		E7A251892613AD1900AC204C /* selection_sort_placeMinAtBack.cpp in Sources */ = {isa = PBXBuildFile; fileRef = E7A2517A2613AD1900AC204C /* selection_sort_placeMinAtBack.cpp */; };
		E7A2518A2613AD1900AC204C /* reverse_queue_flex_reg.cpp in Sources */ = {isa = PBXBuildFile; fileRef = E7A2517B2613AD1900AC204C /* reverse_queue_flex_reg.cpp */; };
		E7A2518B2613AD1900AC204C /* reverse_queue_flex_reg.cpp in Sources */ = {isa = PBXBuildFile; fileRef = E7A2517B2613AD1900AC204C /* reverse_queue_flex_reg.cpp */; };
		E7A2518C2613AD1900AC204C /* selection_sort2.cpp in Sources */ = {isa = PBXBuildFile; fileRef = E7A2517C2613AD1900AC204C /* selection_sort2.cpp */; };
		E7A2518D2613AD1900AC204C /* selection_sort2.cpp in Sources */ = {isa = PBXBuildFile; fileRef = E7A2517C2613AD1900AC204C /* selection_sort2.cpp */; };
		E7A2518E2613AD1900AC204C /* selection_sort5.cpp in Sources */ = {isa = PBXBuildFile; fileRef = E7A2517D2613AD1900AC204C /* selection_sort5.cpp */; };
		E7A2518F2613AD1900AC204C /* selection_sort5.cpp in Sources */ = {isa = PBXBuildFile; fileRef = E7A2517D2613AD1900AC204C /* selection_sort5.cpp */; };
		E7A251902613AD1900AC204C /* selection_sort4.cpp in Sources */ = {isa = PBXBuildFile; fileRef = E7A2517E2613AD1900AC204C /* selection_sort4.cpp */; };
		E7A251912613AD1900AC204C /* selection_sort4.cpp in Sources */ = {isa = PBXBuildFile; fileRef = E7A2517E2613AD1900AC204C /* selection_sort4.cpp */; };
		E7A251922613AD1900AC204C /* selection_sort6.cpp in Sources */ = {isa = PBXBuildFile; fileRef = E7A2517F2613AD1900AC204C /* selection_sort6.cpp */; };
		E7A251932613AD1900AC204C /* selection_sort6.cpp in Sources */ = {isa = PBXBuildFile; fileRef = E7A2517F2613AD1900AC204C /* selection_sort6.cpp */; };
		E7A251942613AD1900AC204C /* practice.cpp in Sources */ = {isa = PBXBuildFile; fileRef = E7A251802613AD1900AC204C /* practice.cpp */; };
		E7A251952613AD1900AC204C /* practice.cpp in Sources */ = {isa = PBXBuildFile; fileRef = E7A251802613AD1900AC204C /* practice.cpp */; };
		E7A251962613AD1900AC204C /* selection_sort.cpp in Sources */ = {isa = PBXBuildFile; fileRef = E7A251812613AD1900AC204C /* selection_sort.cpp */; };
		E7A251972613AD1900AC204C /* selection_sort.cpp in Sources */ = {isa = PBXBuildFile; fileRef = E7A251812613AD1900AC204C /* selection_sort.cpp */; };
/* End PBXBuildFile section */

/* Begin PBXContainerItemProxy section */
		860A16BA2564687E000F5942 /* PBXContainerItemProxy */ = {
			isa = PBXContainerItemProxy;
			containerPortal = E760A2B3239203A200139E3D /* Project object */;
			proxyType = 1;
			remoteGlobalIDString = E760A2BA239203A200139E3D;
			remoteInfo = Cleanpp;
		};
		E760A309239204DC00139E3D /* PBXContainerItemProxy */ = {
			isa = PBXContainerItemProxy;
			containerPortal = E760A2B3239203A200139E3D /* Project object */;
			proxyType = 1;
			remoteGlobalIDString = E760A2BA239203A200139E3D;
			remoteInfo = CleanppLibrary;
		};
		E7744EC125278F66000A5CC9 /* PBXContainerItemProxy */ = {
			isa = PBXContainerItemProxy;
			containerPortal = E760A2B3239203A200139E3D /* Project object */;
			proxyType = 1;
			remoteGlobalIDString = E760A2BA239203A200139E3D;
			remoteInfo = Cleanpp;
		};
/* End PBXContainerItemProxy section */

/* Begin PBXCopyFilesBuildPhase section */
		860A16C12564687E000F5942 /* CopyFiles */ = {
			isa = PBXCopyFilesBuildPhase;
			buildActionMask = 2147483647;
			dstPath = /usr/share/man/man1/;
			dstSubfolderSpec = 0;
			files = (
			);
			runOnlyForDeploymentPostprocessing = 1;
		};
		E7744EB325278F43000A5CC9 /* CopyFiles */ = {
			isa = PBXCopyFilesBuildPhase;
			buildActionMask = 2147483647;
			dstPath = /usr/share/man/man1/;
			dstSubfolderSpec = 0;
			files = (
			);
			runOnlyForDeploymentPostprocessing = 1;
		};
/* End PBXCopyFilesBuildPhase section */

/* Begin PBXFileReference section */
		860934A523DA40CD00D38073 /* TestLinkedStackInt.mm */ = {isa = PBXFileReference; lastKnownFileType = sourcecode.cpp.objcpp; path = TestLinkedStackInt.mm; sourceTree = "<group>"; };
		860934AE23E2102D00D38073 /* natural_number.cpp */ = {isa = PBXFileReference; lastKnownFileType = sourcecode.cpp.cpp; path = natural_number.cpp; sourceTree = "<group>"; };
		860A16B32564662A000F5942 /* minimal.cpp */ = {isa = PBXFileReference; fileEncoding = 4; lastKnownFileType = sourcecode.cpp.cpp; path = minimal.cpp; sourceTree = "<group>"; };
		860A16C52564687E000F5942 /* cleanpp-minimal */ = {isa = PBXFileReference; explicitFileType = "compiled.mach-o.executable"; includeInIndex = 0; path = "cleanpp-minimal"; sourceTree = BUILT_PRODUCTS_DIR; };
		863809A624ED7DE000F30C8F /* integer.hpp */ = {isa = PBXFileReference; lastKnownFileType = sourcecode.cpp.h; path = integer.hpp; sourceTree = "<group>"; };
		863809A824ED801C00F30C8F /* TestFlexInteger.mm */ = {isa = PBXFileReference; lastKnownFileType = sourcecode.cpp.objcpp; path = TestFlexInteger.mm; sourceTree = "<group>"; };
		863809AA24EF2ACD00F30C8F /* natural_number.hpp */ = {isa = PBXFileReference; lastKnownFileType = sourcecode.cpp.h; path = natural_number.hpp; sourceTree = "<group>"; };
		863809AC24EF2CAD00F30C8F /* TestFlexNN.mm */ = {isa = PBXFileReference; lastKnownFileType = sourcecode.cpp.objcpp; path = TestFlexNN.mm; sourceTree = "<group>"; };
		8663DF8123E25D8500DCA186 /* TestLinkedQueueNaturalNumber.mm */ = {isa = PBXFileReference; lastKnownFileType = sourcecode.cpp.objcpp; path = TestLinkedQueueNaturalNumber.mm; sourceTree = "<group>"; };
		8663DF8323E3C01600DCA186 /* TestStackBasedListNaturalNumber.mm */ = {isa = PBXFileReference; lastKnownFileType = sourcecode.cpp.objcpp; path = TestStackBasedListNaturalNumber.mm; sourceTree = "<group>"; };
		8663DF8523EB076D00DCA186 /* TestArrayStackNaturalNumber.mm */ = {isa = PBXFileReference; lastKnownFileType = sourcecode.cpp.objcpp; path = TestArrayStackNaturalNumber.mm; sourceTree = "<group>"; };
		8682AD8823D6668E003F4238 /* natural_number_impl.hpp */ = {isa = PBXFileReference; lastKnownFileType = sourcecode.cpp.h; path = natural_number_impl.hpp; sourceTree = "<group>"; };
		8682AD8A23D6671A003F4238 /* bounded_nn.cpp */ = {isa = PBXFileReference; lastKnownFileType = sourcecode.cpp.cpp; path = bounded_nn.cpp; sourceTree = "<group>"; };
		8682AD8D23D679CA003F4238 /* bounded_nn.hpp */ = {isa = PBXFileReference; lastKnownFileType = sourcecode.cpp.h; path = bounded_nn.hpp; sourceTree = "<group>"; };
		8682AD8F23D68DDB003F4238 /* TestCleanpp.xctestplan */ = {isa = PBXFileReference; lastKnownFileType = text; path = TestCleanpp.xctestplan; sourceTree = "<group>"; };
		8682AD9023D897C6003F4238 /* stack_nn.cpp */ = {isa = PBXFileReference; lastKnownFileType = sourcecode.cpp.cpp; path = stack_nn.cpp; sourceTree = "<group>"; };
		8682AD9123D897C6003F4238 /* stack_nn.hpp */ = {isa = PBXFileReference; lastKnownFileType = sourcecode.cpp.h; path = stack_nn.hpp; sourceTree = "<group>"; };
		8682AD9623D89837003F4238 /* linked_stack.hpp */ = {isa = PBXFileReference; lastKnownFileType = sourcecode.cpp.h; path = linked_stack.hpp; sourceTree = "<group>"; };
		8682AD9D23D8D8F7003F4238 /* TestStackNN.mm */ = {isa = PBXFileReference; lastKnownFileType = sourcecode.cpp.objcpp; path = TestStackNN.mm; sourceTree = "<group>"; };
		86B9E6CA23EB873D00907698 /* TestArrayQueueNaturalNumber.mm */ = {isa = PBXFileReference; lastKnownFileType = sourcecode.cpp.objcpp; path = TestArrayQueueNaturalNumber.mm; sourceTree = "<group>"; };
		86EC1E9423F2338B00A7A779 /* nn_integer.cpp */ = {isa = PBXFileReference; lastKnownFileType = sourcecode.cpp.cpp; path = nn_integer.cpp; sourceTree = "<group>"; };
		86EC1E9623F233AA00A7A779 /* nn_integer.hpp */ = {isa = PBXFileReference; lastKnownFileType = sourcecode.cpp.h; path = nn_integer.hpp; sourceTree = "<group>"; };
		86EC1E9723F669A900A7A779 /* TestVectorInteger.mm */ = {isa = PBXFileReference; lastKnownFileType = sourcecode.cpp.objcpp; path = TestVectorInteger.mm; sourceTree = "<group>"; };
		E717C03B24F9BEDF00F61B0F /* stack.hpp */ = {isa = PBXFileReference; lastKnownFileType = sourcecode.cpp.h; path = stack.hpp; sourceTree = "<group>"; };
		E717C03E24F9BFCC00F61B0F /* TestFlexibleStackInt.mm */ = {isa = PBXFileReference; lastKnownFileType = sourcecode.cpp.objcpp; path = TestFlexibleStackInt.mm; sourceTree = "<group>"; };
		E717C04024F9C2B200F61B0F /* queue.hpp */ = {isa = PBXFileReference; lastKnownFileType = sourcecode.cpp.h; path = queue.hpp; sourceTree = "<group>"; };
		E717C04224F9C50000F61B0F /* TestFlexibleQueueNaturalNumber.mm */ = {isa = PBXFileReference; lastKnownFileType = sourcecode.cpp.objcpp; path = TestFlexibleQueueNaturalNumber.mm; sourceTree = "<group>"; };
		E71D16FC24F9AB2800B3B6EE /* list.hpp */ = {isa = PBXFileReference; lastKnownFileType = sourcecode.cpp.h; path = list.hpp; sourceTree = "<group>"; };
		E71D16FD24F9ACB900B3B6EE /* TestFlexListNaturalNumber.mm */ = {isa = PBXFileReference; lastKnownFileType = sourcecode.cpp.objcpp; path = TestFlexListNaturalNumber.mm; sourceTree = "<group>"; };
		E759151A2548B36F00E8D654 /* makefile */ = {isa = PBXFileReference; fileEncoding = 4; lastKnownFileType = sourcecode.make; path = makefile; sourceTree = "<group>"; };
		E760A2BB239203A200139E3D /* libCleanpp.a */ = {isa = PBXFileReference; explicitFileType = archive.ar; includeInIndex = 0; path = libCleanpp.a; sourceTree = BUILT_PRODUCTS_DIR; };
		E760A2CD239203DA00139E3D /* README.md */ = {isa = PBXFileReference; fileEncoding = 4; lastKnownFileType = net.daringfireball.markdown; path = README.md; sourceTree = "<group>"; };
		E760A2EE2392049D00139E3D /* queue_impl.hpp */ = {isa = PBXFileReference; fileEncoding = 4; lastKnownFileType = sourcecode.cpp.h; path = queue_impl.hpp; sourceTree = "<group>"; };
		E760A2EF2392049D00139E3D /* clean_base.hpp */ = {isa = PBXFileReference; fileEncoding = 4; lastKnownFileType = sourcecode.cpp.h; path = clean_base.hpp; sourceTree = "<group>"; };
		E760A2F02392049D00139E3D /* linked_queue.hpp */ = {isa = PBXFileReference; fileEncoding = 4; lastKnownFileType = sourcecode.cpp.h; path = linked_queue.hpp; sourceTree = "<group>"; };
		E760A2F12392049D00139E3D /* list_impl.hpp */ = {isa = PBXFileReference; fileEncoding = 4; lastKnownFileType = sourcecode.cpp.h; path = list_impl.hpp; sourceTree = "<group>"; };
		E760A2F22392049D00139E3D /* stack_based_list.hpp */ = {isa = PBXFileReference; fileEncoding = 4; lastKnownFileType = sourcecode.cpp.h; path = stack_based_list.hpp; sourceTree = "<group>"; };
		E760A2F32392049D00139E3D /* stack_impl.hpp */ = {isa = PBXFileReference; fileEncoding = 4; lastKnownFileType = sourcecode.cpp.h; path = stack_impl.hpp; sourceTree = "<group>"; };
		E760A2F52392049D00139E3D /* array_stack.hpp */ = {isa = PBXFileReference; fileEncoding = 4; lastKnownFileType = sourcecode.cpp.h; path = array_stack.hpp; sourceTree = "<group>"; };
		E760A303239204DC00139E3D /* TestCleanpp.xctest */ = {isa = PBXFileReference; explicitFileType = wrapper.cfbundle; includeInIndex = 0; path = TestCleanpp.xctest; sourceTree = BUILT_PRODUCTS_DIR; };
		E760A305239204DC00139E3D /* TestBoundedNN.mm */ = {isa = PBXFileReference; lastKnownFileType = sourcecode.cpp.objcpp; path = TestBoundedNN.mm; sourceTree = "<group>"; };
		E760A307239204DC00139E3D /* Info.plist */ = {isa = PBXFileReference; lastKnownFileType = text.plist.xml; path = Info.plist; sourceTree = "<group>"; };
		E760A3102392095700139E3D /* array_queue.hpp */ = {isa = PBXFileReference; lastKnownFileType = sourcecode.cpp.h; path = array_queue.hpp; sourceTree = "<group>"; };
		E7744EB525278F43000A5CC9 /* cleanpp-main */ = {isa = PBXFileReference; explicitFileType = "compiled.mach-o.executable"; includeInIndex = 0; path = "cleanpp-main"; sourceTree = BUILT_PRODUCTS_DIR; };
		E775B52923F20191007DB0C1 /* integer_impl.cpp */ = {isa = PBXFileReference; lastKnownFileType = sourcecode.cpp.cpp; path = integer_impl.cpp; sourceTree = "<group>"; };
		E775B52A23F20191007DB0C1 /* integer_impl.hpp */ = {isa = PBXFileReference; lastKnownFileType = sourcecode.cpp.h; path = integer_impl.hpp; sourceTree = "<group>"; };
		E775B52E23F20F6F007DB0C1 /* TestLinkedStackNaturalNumber.mm */ = {isa = PBXFileReference; lastKnownFileType = sourcecode.cpp.objcpp; path = TestLinkedStackNaturalNumber.mm; sourceTree = "<group>"; };
		E775B53023F213F7007DB0C1 /* vector_integer.cpp */ = {isa = PBXFileReference; lastKnownFileType = sourcecode.cpp.cpp; path = vector_integer.cpp; sourceTree = "<group>"; };
		E775B53123F213F7007DB0C1 /* vector_integer.hpp */ = {isa = PBXFileReference; lastKnownFileType = sourcecode.cpp.h; path = vector_integer.hpp; sourceTree = "<group>"; };
		E775B53423F218CE007DB0C1 /* TestNNInteger.mm */ = {isa = PBXFileReference; lastKnownFileType = sourcecode.cpp.objcpp; path = TestNNInteger.mm; sourceTree = "<group>"; };
		E7A25146260D0EDC00AC204C /* map_impl.hpp */ = {isa = PBXFileReference; fileEncoding = 4; lastKnownFileType = sourcecode.cpp.h; path = map_impl.hpp; sourceTree = "<group>"; };
		E7A25147260D0EDC00AC204C /* map_on_set.hpp */ = {isa = PBXFileReference; fileEncoding = 4; lastKnownFileType = sourcecode.cpp.h; path = map_on_set.hpp; sourceTree = "<group>"; };
		E7A25149260D0EDC00AC204C /* set.hpp */ = {isa = PBXFileReference; fileEncoding = 4; lastKnownFileType = sourcecode.cpp.h; path = set.hpp; sourceTree = "<group>"; };
		E7A2514B260D0EDC00AC204C /* set_on_queue.hpp */ = {isa = PBXFileReference; fileEncoding = 4; lastKnownFileType = sourcecode.cpp.h; path = set_on_queue.hpp; sourceTree = "<group>"; };
		E7A2514C260D0EDC00AC204C /* set_impl.hpp */ = {isa = PBXFileReference; fileEncoding = 4; lastKnownFileType = sourcecode.cpp.h; path = set_impl.hpp; sourceTree = "<group>"; };
		E7A2514E260D0EDC00AC204C /* map.hpp */ = {isa = PBXFileReference; fileEncoding = 4; lastKnownFileType = sourcecode.cpp.h; path = map.hpp; sourceTree = "<group>"; };
		E7A25159260D103200AC204C /* TestFlexibleSetNaturalNumber.mm */ = {isa = PBXFileReference; lastKnownFileType = sourcecode.cpp.objcpp; path = TestFlexibleSetNaturalNumber.mm; sourceTree = "<group>"; };
		E7A251712613A8C900AC204C /* Doxyfile */ = {isa = PBXFileReference; lastKnownFileType = text; path = Doxyfile; sourceTree = "<group>"; };
		E7A251772613AD1800AC204C /* add_return_tuple.cpp */ = {isa = PBXFileReference; fileEncoding = 4; lastKnownFileType = sourcecode.cpp.cpp; path = add_return_tuple.cpp; sourceTree = "<group>"; };
		E7A251782613AD1900AC204C /* friend_functions_tuple.cpp */ = {isa = PBXFileReference; fileEncoding = 4; lastKnownFileType = sourcecode.cpp.cpp; path = friend_functions_tuple.cpp; sourceTree = "<group>"; };
		E7A251792613AD1900AC204C /* test.cpp */ = {isa = PBXFileReference; fileEncoding = 4; lastKnownFileType = sourcecode.cpp.cpp; path = test.cpp; sourceTree = "<group>"; };
		E7A2517A2613AD1900AC204C /* selection_sort_placeMinAtBack.cpp */ = {isa = PBXFileReference; fileEncoding = 4; lastKnownFileType = sourcecode.cpp.cpp; path = selection_sort_placeMinAtBack.cpp; sourceTree = "<group>"; };
		E7A2517B2613AD1900AC204C /* reverse_queue_flex_reg.cpp */ = {isa = PBXFileReference; fileEncoding = 4; lastKnownFileType = sourcecode.cpp.cpp; path = reverse_queue_flex_reg.cpp; sourceTree = "<group>"; };
		E7A2517C2613AD1900AC204C /* selection_sort2.cpp */ = {isa = PBXFileReference; fileEncoding = 4; lastKnownFileType = sourcecode.cpp.cpp; path = selection_sort2.cpp; sourceTree = "<group>"; };
		E7A2517D2613AD1900AC204C /* selection_sort5.cpp */ = {isa = PBXFileReference; fileEncoding = 4; lastKnownFileType = sourcecode.cpp.cpp; path = selection_sort5.cpp; sourceTree = "<group>"; };
		E7A2517E2613AD1900AC204C /* selection_sort4.cpp */ = {isa = PBXFileReference; fileEncoding = 4; lastKnownFileType = sourcecode.cpp.cpp; path = selection_sort4.cpp; sourceTree = "<group>"; };
		E7A2517F2613AD1900AC204C /* selection_sort6.cpp */ = {isa = PBXFileReference; fileEncoding = 4; lastKnownFileType = sourcecode.cpp.cpp; path = selection_sort6.cpp; sourceTree = "<group>"; };
		E7A251802613AD1900AC204C /* practice.cpp */ = {isa = PBXFileReference; fileEncoding = 4; lastKnownFileType = sourcecode.cpp.cpp; path = practice.cpp; sourceTree = "<group>"; };
		E7A251812613AD1900AC204C /* selection_sort.cpp */ = {isa = PBXFileReference; fileEncoding = 4; lastKnownFileType = sourcecode.cpp.cpp; path = selection_sort.cpp; sourceTree = "<group>"; };
/* End PBXFileReference section */

/* Begin PBXFrameworksBuildPhase section */
		860A16BF2564687E000F5942 /* Frameworks */ = {
			isa = PBXFrameworksBuildPhase;
			buildActionMask = 2147483647;
			files = (
				860A16C02564687E000F5942 /* libCleanpp.a in Frameworks */,
			);
			runOnlyForDeploymentPostprocessing = 0;
		};
		E760A2B9239203A200139E3D /* Frameworks */ = {
			isa = PBXFrameworksBuildPhase;
			buildActionMask = 2147483647;
			files = (
			);
			runOnlyForDeploymentPostprocessing = 0;
		};
		E760A300239204DC00139E3D /* Frameworks */ = {
			isa = PBXFrameworksBuildPhase;
			buildActionMask = 2147483647;
			files = (
				E760A308239204DC00139E3D /* libCleanpp.a in Frameworks */,
			);
			runOnlyForDeploymentPostprocessing = 0;
		};
		E7744EB225278F43000A5CC9 /* Frameworks */ = {
			isa = PBXFrameworksBuildPhase;
			buildActionMask = 2147483647;
			files = (
				E7744EC025278F66000A5CC9 /* libCleanpp.a in Frameworks */,
			);
			runOnlyForDeploymentPostprocessing = 0;
		};
/* End PBXFrameworksBuildPhase section */

/* Begin PBXGroup section */
		860934A923DD08BF00D38073 /* list_impls */ = {
			isa = PBXGroup;
			children = (
				E760A2F12392049D00139E3D /* list_impl.hpp */,
				E760A2F22392049D00139E3D /* stack_based_list.hpp */,
			);
			path = list_impls;
			sourceTree = "<group>";
		};
		860934AA23DD08D700D38073 /* stack_impls */ = {
			isa = PBXGroup;
			children = (
				E760A2F32392049D00139E3D /* stack_impl.hpp */,
				8682AD9623D89837003F4238 /* linked_stack.hpp */,
				E760A2F52392049D00139E3D /* array_stack.hpp */,
			);
			path = stack_impls;
			sourceTree = "<group>";
		};
		860934AB23DD08E300D38073 /* natural_number_impls */ = {
			isa = PBXGroup;
			children = (
				8682AD8823D6668E003F4238 /* natural_number_impl.hpp */,
				8682AD8D23D679CA003F4238 /* bounded_nn.hpp */,
				8682AD9123D897C6003F4238 /* stack_nn.hpp */,
			);
			path = natural_number_impls;
			sourceTree = "<group>";
		};
		860934AC23DD08F500D38073 /* queue_impls */ = {
			isa = PBXGroup;
			children = (
				E760A2EE2392049D00139E3D /* queue_impl.hpp */,
				E760A3102392095700139E3D /* array_queue.hpp */,
				E760A2F02392049D00139E3D /* linked_queue.hpp */,
			);
			path = queue_impls;
			sourceTree = "<group>";
		};
		860934AD23E20FD600D38073 /* clean_nn */ = {
			isa = PBXGroup;
			children = (
				8682AD8A23D6671A003F4238 /* bounded_nn.cpp */,
				8682AD9023D897C6003F4238 /* stack_nn.cpp */,
				860934AE23E2102D00D38073 /* natural_number.cpp */,
			);
			path = clean_nn;
			sourceTree = "<group>";
		};
		863809A724ED7E2B00F30C8F /* clean_integer */ = {
			isa = PBXGroup;
			children = (
				863809A624ED7DE000F30C8F /* integer.hpp */,
			);
			path = clean_integer;
			sourceTree = "<group>";
		};
		863809AB24EF2ADC00F30C8F /* clean_nn */ = {
			isa = PBXGroup;
			children = (
				863809AA24EF2ACD00F30C8F /* natural_number.hpp */,
			);
			path = clean_nn;
			sourceTree = "<group>";
		};
		E717C03D24F9BEF000F61B0F /* clean_stack */ = {
			isa = PBXGroup;
			children = (
				E717C03B24F9BEDF00F61B0F /* stack.hpp */,
			);
			path = clean_stack;
			sourceTree = "<group>";
		};
		E717C04124F9C2B400F61B0F /* clean_queue */ = {
			isa = PBXGroup;
			children = (
				E717C04024F9C2B200F61B0F /* queue.hpp */,
			);
			path = clean_queue;
			sourceTree = "<group>";
		};
		E71D16FB24F9AAD500B3B6EE /* clean_list */ = {
			isa = PBXGroup;
			children = (
				E71D16FC24F9AB2800B3B6EE /* list.hpp */,
			);
			path = clean_list;
			sourceTree = "<group>";
		};
		E760A2B2239203A200139E3D = {
			isa = PBXGroup;
			children = (
				E7A251712613A8C900AC204C /* Doxyfile */,
				E760A2CD239203DA00139E3D /* README.md */,
				E760A2CA239203DA00139E3D /* include */,
				E760A2C9239203DA00139E3D /* src */,
				E760A2CC239203DA00139E3D /* test */,
				E7744EB625278F43000A5CC9 /* cleanpp-main */,
				E7A251762613AD1800AC204C /* experiments */,
				E760A2BC239203A200139E3D /* Products */,
				E7744EBF25278F66000A5CC9 /* Frameworks */,
			);
			sourceTree = "<group>";
		};
		E760A2BC239203A200139E3D /* Products */ = {
			isa = PBXGroup;
			children = (
				E760A2BB239203A200139E3D /* libCleanpp.a */,
				E760A303239204DC00139E3D /* TestCleanpp.xctest */,
				E7744EB525278F43000A5CC9 /* cleanpp-main */,
				860A16C52564687E000F5942 /* cleanpp-minimal */,
			);
			name = Products;
			sourceTree = "<group>";
		};
		E760A2C9239203DA00139E3D /* src */ = {
			isa = PBXGroup;
			children = (
				E775B52823F2015E007DB0C1 /* clean_integer */,
				860934AD23E20FD600D38073 /* clean_nn */,
			);
			path = src;
			sourceTree = "<group>";
		};
		E760A2CA239203DA00139E3D /* include */ = {
			isa = PBXGroup;
			children = (
				E760A2CB239203DA00139E3D /* cleanpp */,
			);
			path = include;
			sourceTree = "<group>";
		};
		E760A2CB239203DA00139E3D /* cleanpp */ = {
			isa = PBXGroup;
			children = (
				E760A2EF2392049D00139E3D /* clean_base.hpp */,
				E7A2514D260D0EDC00AC204C /* clean_map */,
				E7A25145260D0EDC00AC204C /* map_impls */,
				E7A25148260D0EDC00AC204C /* clean_set */,
				E7A2514A260D0EDC00AC204C /* set_impls */,
				863809A724ED7E2B00F30C8F /* clean_integer */,
				E775B52D23F207F0007DB0C1 /* integer_impls */,
				E71D16FB24F9AAD500B3B6EE /* clean_list */,
				860934A923DD08BF00D38073 /* list_impls */,
				863809AB24EF2ADC00F30C8F /* clean_nn */,
				860934AB23DD08E300D38073 /* natural_number_impls */,
				E717C03D24F9BEF000F61B0F /* clean_stack */,
				860934AA23DD08D700D38073 /* stack_impls */,
				E717C04124F9C2B400F61B0F /* clean_queue */,
				860934AC23DD08F500D38073 /* queue_impls */,
			);
			path = cleanpp;
			sourceTree = "<group>";
		};
		E760A2CC239203DA00139E3D /* test */ = {
			isa = PBXGroup;
			children = (
				E760A305239204DC00139E3D /* TestBoundedNN.mm */,
				863809AC24EF2CAD00F30C8F /* TestFlexNN.mm */,
				8682AD9D23D8D8F7003F4238 /* TestStackNN.mm */,
				E775B53423F218CE007DB0C1 /* TestNNInteger.mm */,
				863809A824ED801C00F30C8F /* TestFlexInteger.mm */,
				86EC1E9723F669A900A7A779 /* TestVectorInteger.mm */,
				860934A523DA40CD00D38073 /* TestLinkedStackInt.mm */,
				E717C03E24F9BFCC00F61B0F /* TestFlexibleStackInt.mm */,
				E775B52E23F20F6F007DB0C1 /* TestLinkedStackNaturalNumber.mm */,
				8663DF8523EB076D00DCA186 /* TestArrayStackNaturalNumber.mm */,
				8663DF8123E25D8500DCA186 /* TestLinkedQueueNaturalNumber.mm */,
				86B9E6CA23EB873D00907698 /* TestArrayQueueNaturalNumber.mm */,
				E717C04224F9C50000F61B0F /* TestFlexibleQueueNaturalNumber.mm */,
				E7A25159260D103200AC204C /* TestFlexibleSetNaturalNumber.mm */,
				8663DF8323E3C01600DCA186 /* TestStackBasedListNaturalNumber.mm */,
				E71D16FD24F9ACB900B3B6EE /* TestFlexListNaturalNumber.mm */,
				8682AD8F23D68DDB003F4238 /* TestCleanpp.xctestplan */,
				E760A307239204DC00139E3D /* Info.plist */,
			);
			path = test;
			sourceTree = "<group>";
		};
		E7744EB625278F43000A5CC9 /* cleanpp-main */ = {
			isa = PBXGroup;
			children = (
				860A16B32564662A000F5942 /* minimal.cpp */,
				E759151A2548B36F00E8D654 /* makefile */,
			);
			path = "cleanpp-main";
			sourceTree = "<group>";
		};
		E7744EBF25278F66000A5CC9 /* Frameworks */ = {
			isa = PBXGroup;
			children = (
			);
			name = Frameworks;
			sourceTree = "<group>";
		};
		E775B52823F2015E007DB0C1 /* clean_integer */ = {
			isa = PBXGroup;
			children = (
				E775B52923F20191007DB0C1 /* integer_impl.cpp */,
				86EC1E9423F2338B00A7A779 /* nn_integer.cpp */,
				E775B53023F213F7007DB0C1 /* vector_integer.cpp */,
			);
			path = clean_integer;
			sourceTree = "<group>";
		};
		E775B52D23F207F0007DB0C1 /* integer_impls */ = {
			isa = PBXGroup;
			children = (
				E775B52A23F20191007DB0C1 /* integer_impl.hpp */,
				86EC1E9623F233AA00A7A779 /* nn_integer.hpp */,
				E775B53123F213F7007DB0C1 /* vector_integer.hpp */,
			);
			path = integer_impls;
			sourceTree = "<group>";
		};
		E7A25145260D0EDC00AC204C /* map_impls */ = {
			isa = PBXGroup;
			children = (
				E7A25146260D0EDC00AC204C /* map_impl.hpp */,
				E7A25147260D0EDC00AC204C /* map_on_set.hpp */,
			);
			path = map_impls;
			sourceTree = "<group>";
		};
		E7A25148260D0EDC00AC204C /* clean_set */ = {
			isa = PBXGroup;
			children = (
				E7A25149260D0EDC00AC204C /* set.hpp */,
			);
			path = clean_set;
			sourceTree = "<group>";
		};
		E7A2514A260D0EDC00AC204C /* set_impls */ = {
			isa = PBXGroup;
			children = (
				E7A2514B260D0EDC00AC204C /* set_on_queue.hpp */,
				E7A2514C260D0EDC00AC204C /* set_impl.hpp */,
			);
			path = set_impls;
			sourceTree = "<group>";
		};
		E7A2514D260D0EDC00AC204C /* clean_map */ = {
			isa = PBXGroup;
			children = (
				E7A2514E260D0EDC00AC204C /* map.hpp */,
			);
			path = clean_map;
			sourceTree = "<group>";
		};
		E7A251762613AD1800AC204C /* experiments */ = {
			isa = PBXGroup;
			children = (
				E7A251772613AD1800AC204C /* add_return_tuple.cpp */,
				E7A251782613AD1900AC204C /* friend_functions_tuple.cpp */,
				E7A251792613AD1900AC204C /* test.cpp */,
				E7A2517A2613AD1900AC204C /* selection_sort_placeMinAtBack.cpp */,
				E7A2517B2613AD1900AC204C /* reverse_queue_flex_reg.cpp */,
				E7A2517C2613AD1900AC204C /* selection_sort2.cpp */,
				E7A2517D2613AD1900AC204C /* selection_sort5.cpp */,
				E7A2517E2613AD1900AC204C /* selection_sort4.cpp */,
				E7A2517F2613AD1900AC204C /* selection_sort6.cpp */,
				E7A251802613AD1900AC204C /* practice.cpp */,
				E7A251812613AD1900AC204C /* selection_sort.cpp */,
			);
			path = experiments;
			sourceTree = "<group>";
		};
/* End PBXGroup section */

/* Begin PBXHeadersBuildPhase section */
		E760A2B7239203A200139E3D /* Headers */ = {
			isa = PBXHeadersBuildPhase;
			buildActionMask = 2147483647;
			files = (
				8682AD8E23D679CA003F4238 /* bounded_nn.hpp in Headers */,
				E7A25151260D0EDC00AC204C /* set.hpp in Headers */,
				E7A25152260D0EDC00AC204C /* set_on_queue.hpp in Headers */,
				E760A2FC2392049D00139E3D /* stack_impl.hpp in Headers */,
				E760A2F82392049D00139E3D /* clean_base.hpp in Headers */,
				8682AD9423D897C6003F4238 /* stack_nn.hpp in Headers */,
				E775B52C23F20191007DB0C1 /* integer_impl.hpp in Headers */,
				E7A2514F260D0EDC00AC204C /* map_impl.hpp in Headers */,
				E7A25154260D0EDC00AC204C /* map.hpp in Headers */,
				8682AD8923D6668E003F4238 /* natural_number_impl.hpp in Headers */,
				E7A25150260D0EDC00AC204C /* map_on_set.hpp in Headers */,
				8682AD9923D89837003F4238 /* linked_stack.hpp in Headers */,
				E760A2F72392049D00139E3D /* queue_impl.hpp in Headers */,
				E760A2FA2392049D00139E3D /* list_impl.hpp in Headers */,
				E775B53323F213F7007DB0C1 /* vector_integer.hpp in Headers */,
				E760A3112392095700139E3D /* array_queue.hpp in Headers */,
				E7A25153260D0EDC00AC204C /* set_impl.hpp in Headers */,
			);
			runOnlyForDeploymentPostprocessing = 0;
		};
/* End PBXHeadersBuildPhase section */

/* Begin PBXNativeTarget section */
		860A16B82564687E000F5942 /* cleanpp-minimal */ = {
			isa = PBXNativeTarget;
			buildConfigurationList = 860A16C22564687E000F5942 /* Build configuration list for PBXNativeTarget "cleanpp-minimal" */;
			buildPhases = (
				860A16BB2564687E000F5942 /* Sources */,
				860A16BF2564687E000F5942 /* Frameworks */,
				860A16C12564687E000F5942 /* CopyFiles */,
			);
			buildRules = (
			);
			dependencies = (
				860A16B92564687E000F5942 /* PBXTargetDependency */,
			);
			name = "cleanpp-minimal";
			productName = "cleanpp-main";
			productReference = 860A16C52564687E000F5942 /* cleanpp-minimal */;
			productType = "com.apple.product-type.tool";
		};
		E760A2BA239203A200139E3D /* Cleanpp */ = {
			isa = PBXNativeTarget;
			buildConfigurationList = E760A2C6239203A200139E3D /* Build configuration list for PBXNativeTarget "Cleanpp" */;
			buildPhases = (
				E760A2B7239203A200139E3D /* Headers */,
				E760A2B8239203A200139E3D /* Sources */,
				E760A2B9239203A200139E3D /* Frameworks */,
			);
			buildRules = (
			);
			dependencies = (
			);
			name = Cleanpp;
			productName = CleanppLibrary;
			productReference = E760A2BB239203A200139E3D /* libCleanpp.a */;
			productType = "com.apple.product-type.library.static";
		};
		E760A302239204DC00139E3D /* TestCleanpp */ = {
			isa = PBXNativeTarget;
			buildConfigurationList = E760A30B239204DC00139E3D /* Build configuration list for PBXNativeTarget "TestCleanpp" */;
			buildPhases = (
				E760A2FF239204DC00139E3D /* Sources */,
				E760A300239204DC00139E3D /* Frameworks */,
				E760A301239204DC00139E3D /* Resources */,
			);
			buildRules = (
			);
			dependencies = (
				E760A30A239204DC00139E3D /* PBXTargetDependency */,
			);
			name = TestCleanpp;
			productName = TestCleanpp;
			productReference = E760A303239204DC00139E3D /* TestCleanpp.xctest */;
			productType = "com.apple.product-type.bundle.unit-test";
		};
		E7744EB425278F43000A5CC9 /* cleanpp-main */ = {
			isa = PBXNativeTarget;
			buildConfigurationList = E7744EB925278F43000A5CC9 /* Build configuration list for PBXNativeTarget "cleanpp-main" */;
			buildPhases = (
				E7744EB125278F43000A5CC9 /* Sources */,
				E7744EB225278F43000A5CC9 /* Frameworks */,
				E7744EB325278F43000A5CC9 /* CopyFiles */,
			);
			buildRules = (
			);
			dependencies = (
				E7744EC225278F66000A5CC9 /* PBXTargetDependency */,
			);
			name = "cleanpp-main";
			productName = "cleanpp-main";
			productReference = E7744EB525278F43000A5CC9 /* cleanpp-main */;
			productType = "com.apple.product-type.tool";
		};
/* End PBXNativeTarget section */

/* Begin PBXProject section */
		E760A2B3239203A200139E3D /* Project object */ = {
			isa = PBXProject;
			attributes = {
				LastUpgradeCheck = 1240;
				ORGANIZATIONNAME = "Alan Weide";
				TargetAttributes = {
					E760A2BA239203A200139E3D = {
						CreatedOnToolsVersion = 11.2.1;
					};
					E760A302239204DC00139E3D = {
						CreatedOnToolsVersion = 11.2.1;
					};
					E7744EB425278F43000A5CC9 = {
						CreatedOnToolsVersion = 12.0;
					};
				};
			};
			buildConfigurationList = E760A2B6239203A200139E3D /* Build configuration list for PBXProject "CleanppLibrary" */;
			compatibilityVersion = "Xcode 9.3";
			developmentRegion = en;
			hasScannedForEncodings = 0;
			knownRegions = (
				en,
				Base,
			);
			mainGroup = E760A2B2239203A200139E3D;
			productRefGroup = E760A2BC239203A200139E3D /* Products */;
			projectDirPath = "";
			projectRoot = "";
			targets = (
				E760A2BA239203A200139E3D /* Cleanpp */,
				E760A302239204DC00139E3D /* TestCleanpp */,
				E7744EB425278F43000A5CC9 /* cleanpp-main */,
				860A16B82564687E000F5942 /* cleanpp-minimal */,
			);
		};
/* End PBXProject section */

/* Begin PBXResourcesBuildPhase section */
		E760A301239204DC00139E3D /* Resources */ = {
			isa = PBXResourcesBuildPhase;
			buildActionMask = 2147483647;
			files = (
			);
			runOnlyForDeploymentPostprocessing = 0;
		};
/* End PBXResourcesBuildPhase section */

/* Begin PBXSourcesBuildPhase section */
		860A16BB2564687E000F5942 /* Sources */ = {
			isa = PBXSourcesBuildPhase;
			buildActionMask = 2147483647;
			files = (
				E7A251972613AD1900AC204C /* selection_sort.cpp in Sources */,
				E7A251952613AD1900AC204C /* practice.cpp in Sources */,
				E7A2518B2613AD1900AC204C /* reverse_queue_flex_reg.cpp in Sources */,
				E7A251832613AD1900AC204C /* add_return_tuple.cpp in Sources */,
				E7A251892613AD1900AC204C /* selection_sort_placeMinAtBack.cpp in Sources */,
				E7A251872613AD1900AC204C /* test.cpp in Sources */,
				E7A251852613AD1900AC204C /* friend_functions_tuple.cpp in Sources */,
				E7A251932613AD1900AC204C /* selection_sort6.cpp in Sources */,
				860A16BC2564687E000F5942 /* minimal.cpp in Sources */,
				E7A251912613AD1900AC204C /* selection_sort4.cpp in Sources */,
				E7A2518F2613AD1900AC204C /* selection_sort5.cpp in Sources */,
				E7A2518D2613AD1900AC204C /* selection_sort2.cpp in Sources */,
			);
			runOnlyForDeploymentPostprocessing = 0;
		};
		E760A2B8239203A200139E3D /* Sources */ = {
			isa = PBXSourcesBuildPhase;
			buildActionMask = 2147483647;
			files = (
				86EC1E9523F2338B00A7A779 /* nn_integer.cpp in Sources */,
				E775B53223F213F7007DB0C1 /* vector_integer.cpp in Sources */,
				860934AF23E2102D00D38073 /* natural_number.cpp in Sources */,
				E760A2F92392049D00139E3D /* linked_queue.hpp in Sources */,
				E760A2FE2392049D00139E3D /* array_stack.hpp in Sources */,
				E760A2FB2392049D00139E3D /* stack_based_list.hpp in Sources */,
				8682AD9223D897C6003F4238 /* stack_nn.cpp in Sources */,
				8682AD8B23D6671A003F4238 /* bounded_nn.cpp in Sources */,
				E775B52B23F20191007DB0C1 /* integer_impl.cpp in Sources */,
			);
			runOnlyForDeploymentPostprocessing = 0;
		};
		E760A2FF239204DC00139E3D /* Sources */ = {
			isa = PBXSourcesBuildPhase;
			buildActionMask = 2147483647;
			files = (
				8663DF8223E25D8500DCA186 /* TestLinkedQueueNaturalNumber.mm in Sources */,
				860934A623DA40CD00D38073 /* TestLinkedStackInt.mm in Sources */,
				86EC1E9823F669A900A7A779 /* TestVectorInteger.mm in Sources */,
				86B9E6CB23EB873D00907698 /* TestArrayQueueNaturalNumber.mm in Sources */,
				E760A306239204DC00139E3D /* TestBoundedNN.mm in Sources */,
				863809A924ED801C00F30C8F /* TestFlexInteger.mm in Sources */,
				E775B52F23F20F6F007DB0C1 /* TestLinkedStackNaturalNumber.mm in Sources */,
				E71D16FE24F9ACBA00B3B6EE /* TestFlexListNaturalNumber.mm in Sources */,
				E7A2515A260D103200AC204C /* TestFlexibleSetNaturalNumber.mm in Sources */,
				E775B53523F218CE007DB0C1 /* TestNNInteger.mm in Sources */,
				8682AD9E23D8D8F7003F4238 /* TestStackNN.mm in Sources */,
				8663DF8423E3C01600DCA186 /* TestStackBasedListNaturalNumber.mm in Sources */,
				8663DF8623EB076E00DCA186 /* TestArrayStackNaturalNumber.mm in Sources */,
				863809AD24EF2CAD00F30C8F /* TestFlexNN.mm in Sources */,
				E717C03F24F9BFCC00F61B0F /* TestFlexibleStackInt.mm in Sources */,
			);
			runOnlyForDeploymentPostprocessing = 0;
		};
		E7744EB125278F43000A5CC9 /* Sources */ = {
			isa = PBXSourcesBuildPhase;
			buildActionMask = 2147483647;
			files = (
				E7A251962613AD1900AC204C /* selection_sort.cpp in Sources */,
				E7A251942613AD1900AC204C /* practice.cpp in Sources */,
				E7A2518A2613AD1900AC204C /* reverse_queue_flex_reg.cpp in Sources */,
				E7A251822613AD1900AC204C /* add_return_tuple.cpp in Sources */,
				E7A251882613AD1900AC204C /* selection_sort_placeMinAtBack.cpp in Sources */,
				E7A251862613AD1900AC204C /* test.cpp in Sources */,
				E7A251842613AD1900AC204C /* friend_functions_tuple.cpp in Sources */,
				E7A251922613AD1900AC204C /* selection_sort6.cpp in Sources */,
				E759151B2548B36F00E8D654 /* makefile in Sources */,
				E7A251902613AD1900AC204C /* selection_sort4.cpp in Sources */,
				E7A2518E2613AD1900AC204C /* selection_sort5.cpp in Sources */,
				E7A2518C2613AD1900AC204C /* selection_sort2.cpp in Sources */,
			);
			runOnlyForDeploymentPostprocessing = 0;
		};
/* End PBXSourcesBuildPhase section */

/* Begin PBXTargetDependency section */
		860A16B92564687E000F5942 /* PBXTargetDependency */ = {
			isa = PBXTargetDependency;
			target = E760A2BA239203A200139E3D /* Cleanpp */;
			targetProxy = 860A16BA2564687E000F5942 /* PBXContainerItemProxy */;
		};
		E760A30A239204DC00139E3D /* PBXTargetDependency */ = {
			isa = PBXTargetDependency;
			target = E760A2BA239203A200139E3D /* Cleanpp */;
			targetProxy = E760A309239204DC00139E3D /* PBXContainerItemProxy */;
		};
		E7744EC225278F66000A5CC9 /* PBXTargetDependency */ = {
			isa = PBXTargetDependency;
			target = E760A2BA239203A200139E3D /* Cleanpp */;
			targetProxy = E7744EC125278F66000A5CC9 /* PBXContainerItemProxy */;
		};
/* End PBXTargetDependency section */

/* Begin XCBuildConfiguration section */
		860A16C32564687E000F5942 /* Debug */ = {
			isa = XCBuildConfiguration;
			buildSettings = {
				CLANG_CXX_LANGUAGE_STANDARD = "c++17";
				CODE_SIGN_IDENTITY = "-";
				CODE_SIGN_STYLE = Automatic;
				PRODUCT_NAME = "$(TARGET_NAME)";
			};
			name = Debug;
		};
		860A16C42564687E000F5942 /* Release */ = {
			isa = XCBuildConfiguration;
			buildSettings = {
				CLANG_CXX_LANGUAGE_STANDARD = "c++17";
				CODE_SIGN_IDENTITY = "-";
				CODE_SIGN_STYLE = Automatic;
				PRODUCT_NAME = "$(TARGET_NAME)";
			};
			name = Release;
		};
		E760A2C4239203A200139E3D /* Debug */ = {
			isa = XCBuildConfiguration;
			buildSettings = {
				ALWAYS_SEARCH_USER_PATHS = NO;
				CLANG_ANALYZER_NONNULL = YES;
				CLANG_ANALYZER_NUMBER_OBJECT_CONVERSION = YES_AGGRESSIVE;
				CLANG_CXX_LANGUAGE_STANDARD = "c++17";
				CLANG_CXX_LIBRARY = "libc++";
				CLANG_ENABLE_MODULES = YES;
				CLANG_ENABLE_OBJC_ARC = YES;
				CLANG_ENABLE_OBJC_WEAK = YES;
				CLANG_WARN_BLOCK_CAPTURE_AUTORELEASING = YES;
				CLANG_WARN_BOOL_CONVERSION = YES;
				CLANG_WARN_COMMA = YES;
				CLANG_WARN_CONSTANT_CONVERSION = YES;
				CLANG_WARN_DEPRECATED_OBJC_IMPLEMENTATIONS = YES;
				CLANG_WARN_DIRECT_OBJC_ISA_USAGE = YES_ERROR;
				CLANG_WARN_DOCUMENTATION_COMMENTS = YES;
				CLANG_WARN_EMPTY_BODY = YES;
				CLANG_WARN_ENUM_CONVERSION = YES;
				CLANG_WARN_INFINITE_RECURSION = YES;
				CLANG_WARN_INT_CONVERSION = YES;
				CLANG_WARN_NON_LITERAL_NULL_CONVERSION = YES;
				CLANG_WARN_OBJC_IMPLICIT_RETAIN_SELF = YES;
				CLANG_WARN_OBJC_LITERAL_CONVERSION = YES;
				CLANG_WARN_OBJC_ROOT_CLASS = YES_ERROR;
				CLANG_WARN_QUOTED_INCLUDE_IN_FRAMEWORK_HEADER = YES;
				CLANG_WARN_RANGE_LOOP_ANALYSIS = YES;
				CLANG_WARN_STRICT_PROTOTYPES = YES;
				CLANG_WARN_SUSPICIOUS_MOVE = YES;
				CLANG_WARN_UNGUARDED_AVAILABILITY = YES_AGGRESSIVE;
				CLANG_WARN_UNREACHABLE_CODE = YES;
				CLANG_WARN__DUPLICATE_METHOD_MATCH = YES;
				COPY_PHASE_STRIP = NO;
				DEBUG_INFORMATION_FORMAT = dwarf;
				ENABLE_STRICT_OBJC_MSGSEND = YES;
				ENABLE_TESTABILITY = YES;
				GCC_C_LANGUAGE_STANDARD = gnu11;
				GCC_DYNAMIC_NO_PIC = NO;
				GCC_NO_COMMON_BLOCKS = YES;
				GCC_OPTIMIZATION_LEVEL = 0;
				GCC_PREPROCESSOR_DEFINITIONS = (
					"DEBUG=1",
					"$(inherited)",
				);
				GCC_WARN_64_TO_32_BIT_CONVERSION = YES;
				GCC_WARN_ABOUT_RETURN_TYPE = YES_ERROR;
				GCC_WARN_UNDECLARED_SELECTOR = YES;
				GCC_WARN_UNINITIALIZED_AUTOS = YES_AGGRESSIVE;
				GCC_WARN_UNUSED_FUNCTION = YES;
				GCC_WARN_UNUSED_VARIABLE = YES;
				MACOSX_DEPLOYMENT_TARGET = 10.15;
				MTL_ENABLE_DEBUG_INFO = INCLUDE_SOURCE;
				MTL_FAST_MATH = YES;
				ONLY_ACTIVE_ARCH = YES;
				SDKROOT = macosx;
			};
			name = Debug;
		};
		E760A2C5239203A200139E3D /* Release */ = {
			isa = XCBuildConfiguration;
			buildSettings = {
				ALWAYS_SEARCH_USER_PATHS = NO;
				CLANG_ANALYZER_NONNULL = YES;
				CLANG_ANALYZER_NUMBER_OBJECT_CONVERSION = YES_AGGRESSIVE;
				CLANG_CXX_LANGUAGE_STANDARD = "c++17";
				CLANG_CXX_LIBRARY = "libc++";
				CLANG_ENABLE_MODULES = YES;
				CLANG_ENABLE_OBJC_ARC = YES;
				CLANG_ENABLE_OBJC_WEAK = YES;
				CLANG_WARN_BLOCK_CAPTURE_AUTORELEASING = YES;
				CLANG_WARN_BOOL_CONVERSION = YES;
				CLANG_WARN_COMMA = YES;
				CLANG_WARN_CONSTANT_CONVERSION = YES;
				CLANG_WARN_DEPRECATED_OBJC_IMPLEMENTATIONS = YES;
				CLANG_WARN_DIRECT_OBJC_ISA_USAGE = YES_ERROR;
				CLANG_WARN_DOCUMENTATION_COMMENTS = YES;
				CLANG_WARN_EMPTY_BODY = YES;
				CLANG_WARN_ENUM_CONVERSION = YES;
				CLANG_WARN_INFINITE_RECURSION = YES;
				CLANG_WARN_INT_CONVERSION = YES;
				CLANG_WARN_NON_LITERAL_NULL_CONVERSION = YES;
				CLANG_WARN_OBJC_IMPLICIT_RETAIN_SELF = YES;
				CLANG_WARN_OBJC_LITERAL_CONVERSION = YES;
				CLANG_WARN_OBJC_ROOT_CLASS = YES_ERROR;
				CLANG_WARN_QUOTED_INCLUDE_IN_FRAMEWORK_HEADER = YES;
				CLANG_WARN_RANGE_LOOP_ANALYSIS = YES;
				CLANG_WARN_STRICT_PROTOTYPES = YES;
				CLANG_WARN_SUSPICIOUS_MOVE = YES;
				CLANG_WARN_UNGUARDED_AVAILABILITY = YES_AGGRESSIVE;
				CLANG_WARN_UNREACHABLE_CODE = YES;
				CLANG_WARN__DUPLICATE_METHOD_MATCH = YES;
				COPY_PHASE_STRIP = NO;
				DEBUG_INFORMATION_FORMAT = "dwarf-with-dsym";
				ENABLE_NS_ASSERTIONS = NO;
				ENABLE_STRICT_OBJC_MSGSEND = YES;
				GCC_C_LANGUAGE_STANDARD = gnu11;
				GCC_NO_COMMON_BLOCKS = YES;
				GCC_WARN_64_TO_32_BIT_CONVERSION = YES;
				GCC_WARN_ABOUT_RETURN_TYPE = YES_ERROR;
				GCC_WARN_UNDECLARED_SELECTOR = YES;
				GCC_WARN_UNINITIALIZED_AUTOS = YES_AGGRESSIVE;
				GCC_WARN_UNUSED_FUNCTION = YES;
				GCC_WARN_UNUSED_VARIABLE = YES;
				MACOSX_DEPLOYMENT_TARGET = 10.15;
				MTL_ENABLE_DEBUG_INFO = NO;
				MTL_FAST_MATH = YES;
				SDKROOT = macosx;
			};
			name = Release;
		};
		E760A2C7239203A200139E3D /* Debug */ = {
			isa = XCBuildConfiguration;
			buildSettings = {
				CLANG_CXX_LANGUAGE_STANDARD = "c++17";
				CODE_SIGN_STYLE = Automatic;
				DEVELOPMENT_TEAM = U2U4VCGTYC;
				EXECUTABLE_PREFIX = lib;
				GCC_ENABLE_CPP_EXCEPTIONS = YES;
				GCC_ENABLE_CPP_RTTI = YES;
				HEADER_SEARCH_PATHS = (
					/usr/local/include,
					$SRCROOT/include/cleanpp,
				);
				LIBRARY_SEARCH_PATHS = /usr/local/lib;
				PRODUCT_NAME = "$(TARGET_NAME)";
				SKIP_INSTALL = YES;
				WARNING_CFLAGS = (
					"-Wextra",
					"-Wall",
				);
			};
			name = Debug;
		};
		E760A2C8239203A200139E3D /* Release */ = {
			isa = XCBuildConfiguration;
			buildSettings = {
				CLANG_CXX_LANGUAGE_STANDARD = "c++17";
				CODE_SIGN_STYLE = Automatic;
				DEVELOPMENT_TEAM = U2U4VCGTYC;
				EXECUTABLE_PREFIX = lib;
				GCC_ENABLE_CPP_EXCEPTIONS = YES;
				GCC_ENABLE_CPP_RTTI = YES;
				HEADER_SEARCH_PATHS = (
					/usr/local/include,
					$SRCROOT/include/cleanpp,
				);
				LIBRARY_SEARCH_PATHS = /usr/local/lib;
				PRODUCT_NAME = "$(TARGET_NAME)";
				SKIP_INSTALL = YES;
				WARNING_CFLAGS = (
					"-Wextra",
					"-Wall",
				);
			};
			name = Release;
		};
		E760A30C239204DC00139E3D /* Debug */ = {
			isa = XCBuildConfiguration;
			buildSettings = {
				CLANG_CXX_LANGUAGE_STANDARD = "c++17";
				CODE_SIGN_IDENTITY = "-";
				CODE_SIGN_STYLE = Automatic;
				COMBINE_HIDPI_IMAGES = YES;
				DEVELOPMENT_TEAM = "";
				GCC_INLINES_ARE_PRIVATE_EXTERN = NO;
				HEADER_SEARCH_PATHS = (
					/usr/local/include,
					$SRCROOT/include/cleanpp,
				);
				INFOPLIST_FILE = test/Info.plist;
				LD_RUNPATH_SEARCH_PATHS = (
					"$(inherited)",
					"@executable_path/../Frameworks",
					"@loader_path/../Frameworks",
				);
				LIBRARY_SEARCH_PATHS = /usr/local/lib;
				PRODUCT_BUNDLE_IDENTIFIER = weide.TestCleanpp;
				PRODUCT_NAME = "$(TARGET_NAME)";
				WARNING_CFLAGS = (
					"-Wextra",
					"-Wall",
				);
			};
			name = Debug;
		};
		E760A30D239204DC00139E3D /* Release */ = {
			isa = XCBuildConfiguration;
			buildSettings = {
				CLANG_CXX_LANGUAGE_STANDARD = "c++17";
				CODE_SIGN_IDENTITY = "-";
				CODE_SIGN_STYLE = Automatic;
				COMBINE_HIDPI_IMAGES = YES;
				DEVELOPMENT_TEAM = "";
				GCC_INLINES_ARE_PRIVATE_EXTERN = NO;
				HEADER_SEARCH_PATHS = (
					/usr/local/include,
					$SRCROOT/include/cleanpp,
				);
				INFOPLIST_FILE = test/Info.plist;
				LD_RUNPATH_SEARCH_PATHS = (
					"$(inherited)",
					"@executable_path/../Frameworks",
					"@loader_path/../Frameworks",
				);
				LIBRARY_SEARCH_PATHS = /usr/local/lib;
				PRODUCT_BUNDLE_IDENTIFIER = weide.TestCleanpp;
				PRODUCT_NAME = "$(TARGET_NAME)";
				WARNING_CFLAGS = (
					"-Wextra",
					"-Wall",
				);
			};
			name = Release;
		};
		E7744EBA25278F43000A5CC9 /* Debug */ = {
			isa = XCBuildConfiguration;
			buildSettings = {
				CLANG_CXX_LANGUAGE_STANDARD = "c++17";
				CODE_SIGN_IDENTITY = "-";
				CODE_SIGN_STYLE = Automatic;
				PRODUCT_NAME = "$(TARGET_NAME)";
			};
			name = Debug;
		};
		E7744EBB25278F43000A5CC9 /* Release */ = {
			isa = XCBuildConfiguration;
			buildSettings = {
				CLANG_CXX_LANGUAGE_STANDARD = "c++17";
				CODE_SIGN_IDENTITY = "-";
				CODE_SIGN_STYLE = Automatic;
				PRODUCT_NAME = "$(TARGET_NAME)";
			};
			name = Release;
		};
/* End XCBuildConfiguration section */

/* Begin XCConfigurationList section */
		860A16C22564687E000F5942 /* Build configuration list for PBXNativeTarget "cleanpp-minimal" */ = {
			isa = XCConfigurationList;
			buildConfigurations = (
				860A16C32564687E000F5942 /* Debug */,
				860A16C42564687E000F5942 /* Release */,
			);
			defaultConfigurationIsVisible = 0;
			defaultConfigurationName = Release;
		};
		E760A2B6239203A200139E3D /* Build configuration list for PBXProject "CleanppLibrary" */ = {
			isa = XCConfigurationList;
			buildConfigurations = (
				E760A2C4239203A200139E3D /* Debug */,
				E760A2C5239203A200139E3D /* Release */,
			);
			defaultConfigurationIsVisible = 0;
			defaultConfigurationName = Release;
		};
		E760A2C6239203A200139E3D /* Build configuration list for PBXNativeTarget "Cleanpp" */ = {
			isa = XCConfigurationList;
			buildConfigurations = (
				E760A2C7239203A200139E3D /* Debug */,
				E760A2C8239203A200139E3D /* Release */,
			);
			defaultConfigurationIsVisible = 0;
			defaultConfigurationName = Release;
		};
		E760A30B239204DC00139E3D /* Build configuration list for PBXNativeTarget "TestCleanpp" */ = {
			isa = XCConfigurationList;
			buildConfigurations = (
				E760A30C239204DC00139E3D /* Debug */,
				E760A30D239204DC00139E3D /* Release */,
			);
			defaultConfigurationIsVisible = 0;
			defaultConfigurationName = Release;
		};
		E7744EB925278F43000A5CC9 /* Build configuration list for PBXNativeTarget "cleanpp-main" */ = {
			isa = XCConfigurationList;
			buildConfigurations = (
				E7744EBA25278F43000A5CC9 /* Debug */,
				E7744EBB25278F43000A5CC9 /* Release */,
			);
			defaultConfigurationIsVisible = 0;
			defaultConfigurationName = Release;
		};
/* End XCConfigurationList section */
	};
	rootObject = E760A2B3239203A200139E3D /* Project object */;
}
